{
  "name": "opencode",
  "lockfileVersion": 3,
  "requires": true,
  "packages": {
    "": {
      "dependencies": {
        "@opencode-ai/plugin": "1.0.223"
      }
    },
    "node_modules/@opencode-ai/plugin": {
      "version": "1.0.223",
      "resolved": "https://registry.npmjs.org/@opencode-ai/plugin/-/plugin-1.0.223.tgz",
      "integrity": "sha512-ZQAB7woEWHTpDlZrr+WYwIFI/QrmPblGk1nYLRObtpdMFoP8e2zLwE61j0IL4eBrgWY23+Xc2MrALZnkWL4O2Q==",
      "dependencies": {
        "@opencode-ai/sdk": "1.0.223",
        "zod": "4.1.8"
      }
    },
    "node_modules/@opencode-ai/sdk": {
      "version": "1.0.223",
      "resolved": "https://registry.npmjs.org/@opencode-ai/sdk/-/sdk-1.0.223.tgz",
      "integrity": "sha512-oKJ6QjsviE+lt6cpGu0lL2kWuoj84ZkWvwieyqHEQ2pJunAJqUzhmIhzep0QyDax1/+UXhBWfrnciNt48ch66w=="
    },
    "node_modules/zod": {
      "version": "4.1.8",
      "license": "MIT",
      "funding": {
        "url": "https://github.com/sponsors/colinhacks"
      }
    }
  }
}
